{
  "name": "auto-photo",
  "version": "1.0.0",
  "lockfileVersion": 2,
  "requires": true,
  "packages": {
    "": {
      "name": "auto-photo",
      "version": "1.0.0",
      "license": "ISC",
      "dependencies": {
        "date-fns": "^2.29.3",
        "exifreader": "^4.12.0"
      }
    },
    "node_modules/@xmldom/xmldom": {
      "version": "0.7.10",
      "resolved": "https://registry.npmjs.org/@xmldom/xmldom/-/xmldom-0.7.10.tgz",
      "integrity": "sha512-hb9QhOg5MGmpVkFcoZ9XJMe1em5gd0e2eqqjK87O1dwULedXsnY/Zg/Ju6lcohA+t6jVkmKpe7I1etqhvdRdrQ==",
      "optional": true,
      "engines": {
        "node": ">=10.0.0"
      }
    },
    "node_modules/date-fns": {
      "version": "2.29.3",
      "resolved": "https://registry.npmjs.org/date-fns/-/date-fns-2.29.3.tgz",
      "integrity": "sha512-dDCnyH2WnnKusqvZZ6+jA1O51Ibt8ZMRNkDZdyAyK4YfbDwa/cEmuztzG5pk6hqlp9aSBPYcjOlktquahGwGeA==",
      "engines": {
        "node": ">=0.11"
      },
      "funding": {
        "type": "opencollective",
        "url": "https://opencollective.com/date-fns"
      }
    },
    "node_modules/exifreader": {
      "version": "4.12.0",
      "resolved": "https://registry.npmjs.org/exifreader/-/exifreader-4.12.0.tgz",
      "integrity": "sha512-aRSmNyw2c6f6qPK4jmC56W/5XePDN7LVwt8tQjgMchxoY3MCxqEToegirKdS7A3CYCWAOPehfypMZWGWxtLhzw==",
      "hasInstallScript": true,
      "optionalDependencies": {
        "@xmldom/xmldom": "^0.7.8"
      }
    }
  },
  "dependencies": {
    "@xmldom/xmldom": {
      "version": "0.7.10",
      "resolved": "https://registry.npmjs.org/@xmldom/xmldom/-/xmldom-0.7.10.tgz",
      "integrity": "sha512-hb9QhOg5MGmpVkFcoZ9XJMe1em5gd0e2eqqjK87O1dwULedXsnY/Zg/Ju6lcohA+t6jVkmKpe7I1etqhvdRdrQ==",
      "optional": true
    },
    "date-fns": {
      "version": "2.29.3",
      "resolved": "https://registry.npmjs.org/date-fns/-/date-fns-2.29.3.tgz",
      "integrity": "sha512-dDCnyH2WnnKusqvZZ6+jA1O51Ibt8ZMRNkDZdyAyK4YfbDwa/cEmuztzG5pk6hqlp9aSBPYcjOlktquahGwGeA=="
    },
    "exifreader": {
      "version": "4.12.0",
      "resolved": "https://registry.npmjs.org/exifreader/-/exifreader-4.12.0.tgz",
      "integrity": "sha512-aRSmNyw2c6f6qPK4jmC56W/5XePDN7LVwt8tQjgMchxoY3MCxqEToegirKdS7A3CYCWAOPehfypMZWGWxtLhzw==",
      "requires": {
        "@xmldom/xmldom": "^0.7.8"
      }
    }
  }
}
